// !$*UTF8*$!
{
	archiveVersion = 1;
	classes = {
	};
	objectVersion = 50;
	objects = {

/* Begin PBXBuildFile section */
		C101407D23C8CED00078DB22 /* AppDelegate.swift in Sources */ = {isa = PBXBuildFile; fileRef = C101407C23C8CED00078DB22 /* AppDelegate.swift */; };
		C101407F23C8CED00078DB22 /* SceneDelegate.swift in Sources */ = {isa = PBXBuildFile; fileRef = C101407E23C8CED00078DB22 /* SceneDelegate.swift */; };
		C101408123C8CED00078DB22 /* ViewController.swift in Sources */ = {isa = PBXBuildFile; fileRef = C101408023C8CED00078DB22 /* ViewController.swift */; };
		C101408423C8CED00078DB22 /* Main.storyboard in Resources */ = {isa = PBXBuildFile; fileRef = C101408223C8CED00078DB22 /* Main.storyboard */; };
		C101408623C8CED20078DB22 /* Assets.xcassets in Resources */ = {isa = PBXBuildFile; fileRef = C101408523C8CED20078DB22 /* Assets.xcassets */; };
		C101408923C8CED20078DB22 /* LaunchScreen.storyboard in Resources */ = {isa = PBXBuildFile; fileRef = C101408723C8CED20078DB22 /* LaunchScreen.storyboard */; };
		C101409423C8CED20078DB22 /* testing_gitTests.swift in Sources */ = {isa = PBXBuildFile; fileRef = C101409323C8CED20078DB22 /* testing_gitTests.swift */; };
		C101409F23C8CED20078DB22 /* testing_gitUITests.swift in Sources */ = {isa = PBXBuildFile; fileRef = C101409E23C8CED20078DB22 /* testing_gitUITests.swift */; };
/* End PBXBuildFile section */

/* Begin PBXContainerItemProxy section */
		C101409023C8CED20078DB22 /* PBXContainerItemProxy */ = {
			isa = PBXContainerItemProxy;
			containerPortal = C101407123C8CED00078DB22 /* Project object */;
			proxyType = 1;
			remoteGlobalIDString = C101407823C8CED00078DB22;
			remoteInfo = "testing git";
		};
		C101409B23C8CED20078DB22 /* PBXContainerItemProxy */ = {
			isa = PBXContainerItemProxy;
			containerPortal = C101407123C8CED00078DB22 /* Project object */;
			proxyType = 1;
			remoteGlobalIDString = C101407823C8CED00078DB22;
			remoteInfo = "testing git";
		};
/* End PBXContainerItemProxy section */

/* Begin PBXFileReference section */
		C101407923C8CED00078DB22 /* testing git.app */ = {isa = PBXFileReference; explicitFileType = wrapper.application; includeInIndex = 0; path = "testing git.app"; sourceTree = BUILT_PRODUCTS_DIR; };
		C101407C23C8CED00078DB22 /* AppDelegate.swift */ = {isa = PBXFileReference; lastKnownFileType = sourcecode.swift; path = AppDelegate.swift; sourceTree = "<group>"; };
		C101407E23C8CED00078DB22 /* SceneDelegate.swift */ = {isa = PBXFileReference; lastKnownFileType = sourcecode.swift; path = SceneDelegate.swift; sourceTree = "<group>"; };
		C101408023C8CED00078DB22 /* ViewController.swift */ = {isa = PBXFileReference; lastKnownFileType = sourcecode.swift; path = ViewController.swift; sourceTree = "<group>"; };
		C101408323C8CED00078DB22 /* Base */ = {isa = PBXFileReference; lastKnownFileType = file.storyboard; name = Base; path = Base.lproj/Main.storyboard; sourceTree = "<group>"; };
		C101408523C8CED20078DB22 /* Assets.xcassets */ = {isa = PBXFileReference; lastKnownFileType = folder.assetcatalog; path = Assets.xcassets; sourceTree = "<group>"; };
		C101408823C8CED20078DB22 /* Base */ = {isa = PBXFileReference; lastKnownFileType = file.storyboard; name = Base; path = Base.lproj/LaunchScreen.storyboard; sourceTree = "<group>"; };
		C101408A23C8CED20078DB22 /* Info.plist */ = {isa = PBXFileReference; lastKnownFileType = text.plist.xml; path = Info.plist; sourceTree = "<group>"; };
		C101408F23C8CED20078DB22 /* testing gitTests.xctest */ = {isa = PBXFileReference; explicitFileType = wrapper.cfbundle; includeInIndex = 0; path = "testing gitTests.xctest"; sourceTree = BUILT_PRODUCTS_DIR; };
		C101409323C8CED20078DB22 /* testing_gitTests.swift */ = {isa = PBXFileReference; lastKnownFileType = sourcecode.swift; path = testing_gitTests.swift; sourceTree = "<group>"; };
		C101409523C8CED20078DB22 /* Info.plist */ = {isa = PBXFileReference; lastKnownFileType = text.plist.xml; path = Info.plist; sourceTree = "<group>"; };
		C101409A23C8CED20078DB22 /* testing gitUITests.xctest */ = {isa = PBXFileReference; explicitFileType = wrapper.cfbundle; includeInIndex = 0; path = "testing gitUITests.xctest"; sourceTree = BUILT_PRODUCTS_DIR; };
		C101409E23C8CED20078DB22 /* testing_gitUITests.swift */ = {isa = PBXFileReference; lastKnownFileType = sourcecode.swift; path = testing_gitUITests.swift; sourceTree = "<group>"; };
		C10140A023C8CED20078DB22 /* Info.plist */ = {isa = PBXFileReference; lastKnownFileType = text.plist.xml; path = Info.plist; sourceTree = "<group>"; };
/* End PBXFileReference section */

/* Begin PBXFrameworksBuildPhase section */
		C101407623C8CED00078DB22 /* Frameworks */ = {
			isa = PBXFrameworksBuildPhase;
			buildActionMask = 2147483647;
			files = (
			);
			runOnlyForDeploymentPostprocessing = 0;
		};
		C101408C23C8CED20078DB22 /* Frameworks */ = {
			isa = PBXFrameworksBuildPhase;
			buildActionMask = 2147483647;
			files = (
			);
			runOnlyForDeploymentPostprocessing = 0;
		};
		C101409723C8CED20078DB22 /* Frameworks */ = {
			isa = PBXFrameworksBuildPhase;
			buildActionMask = 2147483647;
			files = (
			);
			runOnlyForDeploymentPostprocessing = 0;
		};
/* End PBXFrameworksBuildPhase section */

/* Begin PBXGroup section */
		C101407023C8CED00078DB22 = {
			isa = PBXGroup;
			children = (
				C101407B23C8CED00078DB22 /* testing git */,
				C101409223C8CED20078DB22 /* testing gitTests */,
				C101409D23C8CED20078DB22 /* testing gitUITests */,
				C101407A23C8CED00078DB22 /* Products */,
			);
			sourceTree = "<group>";
		};
		C101407A23C8CED00078DB22 /* Products */ = {
			isa = PBXGroup;
			children = (
				C101407923C8CED00078DB22 /* testing git.app */,
				C101408F23C8CED20078DB22 /* testing gitTests.xctest */,
				C101409A23C8CED20078DB22 /* testing gitUITests.xctest */,
			);
			name = Products;
			sourceTree = "<group>";
		};
		C101407B23C8CED00078DB22 /* testing git */ = {
			isa = PBXGroup;
			children = (
				C101407C23C8CED00078DB22 /* AppDelegate.swift */,
				C101407E23C8CED00078DB22 /* SceneDelegate.swift */,
				C101408023C8CED00078DB22 /* ViewController.swift */,
				C101408223C8CED00078DB22 /* Main.storyboard */,
				C101408523C8CED20078DB22 /* Assets.xcassets */,
				C101408723C8CED20078DB22 /* LaunchScreen.storyboard */,
				C101408A23C8CED20078DB22 /* Info.plist */,
			);
			path = "testing git";
			sourceTree = "<group>";
		};
		C101409223C8CED20078DB22 /* testing gitTests */ = {
			isa = PBXGroup;
			children = (
				C101409323C8CED20078DB22 /* testing_gitTests.swift */,
				C101409523C8CED20078DB22 /* Info.plist */,
			);
			path = "testing gitTests";
			sourceTree = "<group>";
		};
		C101409D23C8CED20078DB22 /* testing gitUITests */ = {
			isa = PBXGroup;
			children = (
				C101409E23C8CED20078DB22 /* testing_gitUITests.swift */,
				C10140A023C8CED20078DB22 /* Info.plist */,
			);
			path = "testing gitUITests";
			sourceTree = "<group>";
		};
/* End PBXGroup section */

/* Begin PBXNativeTarget section */
		C101407823C8CED00078DB22 /* testing git */ = {
			isa = PBXNativeTarget;
			buildConfigurationList = C10140A323C8CED20078DB22 /* Build configuration list for PBXNativeTarget "testing git" */;
			buildPhases = (
				C101407523C8CED00078DB22 /* Sources */,
				C101407623C8CED00078DB22 /* Frameworks */,
				C101407723C8CED00078DB22 /* Resources */,
			);
			buildRules = (
			);
			dependencies = (
			);
			name = "testing git";
			productName = "testing git";
			productReference = C101407923C8CED00078DB22 /* testing git.app */;
			productType = "com.apple.product-type.application";
		};
		C101408E23C8CED20078DB22 /* testing gitTests */ = {
			isa = PBXNativeTarget;
			buildConfigurationList = C10140A623C8CED20078DB22 /* Build configuration list for PBXNativeTarget "testing gitTests" */;
			buildPhases = (
				C101408B23C8CED20078DB22 /* Sources */,
				C101408C23C8CED20078DB22 /* Frameworks */,
				C101408D23C8CED20078DB22 /* Resources */,
			);
			buildRules = (
			);
			dependencies = (
				C101409123C8CED20078DB22 /* PBXTargetDependency */,
			);
			name = "testing gitTests";
			productName = "testing gitTests";
			productReference = C101408F23C8CED20078DB22 /* testing gitTests.xctest */;
			productType = "com.apple.product-type.bundle.unit-test";
		};
		C101409923C8CED20078DB22 /* testing gitUITests */ = {
			isa = PBXNativeTarget;
			buildConfigurationList = C10140A923C8CED20078DB22 /* Build configuration list for PBXNativeTarget "testing gitUITests" */;
			buildPhases = (
				C101409623C8CED20078DB22 /* Sources */,
				C101409723C8CED20078DB22 /* Frameworks */,
				C101409823C8CED20078DB22 /* Resources */,
			);
			buildRules = (
			);
			dependencies = (
				C101409C23C8CED20078DB22 /* PBXTargetDependency */,
			);
			name = "testing gitUITests";
			productName = "testing gitUITests";
			productReference = C101409A23C8CED20078DB22 /* testing gitUITests.xctest */;
			productType = "com.apple.product-type.bundle.ui-testing";
		};
/* End PBXNativeTarget section */

/* Begin PBXProject section */
		C101407123C8CED00078DB22 /* Project object */ = {
			isa = PBXProject;
			attributes = {
				LastSwiftUpdateCheck = 1130;
				LastUpgradeCheck = 1130;
				ORGANIZATIONNAME = "Mark Wilson";
				TargetAttributes = {
					C101407823C8CED00078DB22 = {
						CreatedOnToolsVersion = 11.3;
					};
					C101408E23C8CED20078DB22 = {
						CreatedOnToolsVersion = 11.3;
						TestTargetID = C101407823C8CED00078DB22;
					};
					C101409923C8CED20078DB22 = {
						CreatedOnToolsVersion = 11.3;
						TestTargetID = C101407823C8CED00078DB22;
					};
				};
			};
			buildConfigurationList = C101407423C8CED00078DB22 /* Build configuration list for PBXProject "testing git" */;
			compatibilityVersion = "Xcode 9.3";
			developmentRegion = en;
			hasScannedForEncodings = 0;
			knownRegions = (
				en,
				Base,
			);
			mainGroup = C101407023C8CED00078DB22;
			productRefGroup = C101407A23C8CED00078DB22 /* Products */;
			projectDirPath = "";
			projectRoot = "";
			targets = (
				C101407823C8CED00078DB22 /* testing git */,
				C101408E23C8CED20078DB22 /* testing gitTests */,
				C101409923C8CED20078DB22 /* testing gitUITests */,
			);
		};
/* End PBXProject section */

/* Begin PBXResourcesBuildPhase section */
		C101407723C8CED00078DB22 /* Resources */ = {
			isa = PBXResourcesBuildPhase;
			buildActionMask = 2147483647;
			files = (
				C101408923C8CED20078DB22 /* LaunchScreen.storyboard in Resources */,
				C101408623C8CED20078DB22 /* Assets.xcassets in Resources */,
				C101408423C8CED00078DB22 /* Main.storyboard in Resources */,
			);
			runOnlyForDeploymentPostprocessing = 0;
		};
		C101408D23C8CED20078DB22 /* Resources */ = {
			isa = PBXResourcesBuildPhase;
			buildActionMask = 2147483647;
			files = (
			);
			runOnlyForDeploymentPostprocessing = 0;
		};
		C101409823C8CED20078DB22 /* Resources */ = {
			isa = PBXResourcesBuildPhase;
			buildActionMask = 2147483647;
			files = (
			);
			runOnlyForDeploymentPostprocessing = 0;
		};
/* End PBXResourcesBuildPhase section */

/* Begin PBXSourcesBuildPhase section */
		C101407523C8CED00078DB22 /* Sources */ = {
			isa = PBXSourcesBuildPhase;
			buildActionMask = 2147483647;
			files = (
				C101408123C8CED00078DB22 /* ViewController.swift in Sources */,
				C101407D23C8CED00078DB22 /* AppDelegate.swift in Sources */,
				C101407F23C8CED00078DB22 /* SceneDelegate.swift in Sources */,
			);
			runOnlyForDeploymentPostprocessing = 0;
		};
		C101408B23C8CED20078DB22 /* Sources */ = {
			isa = PBXSourcesBuildPhase;
			buildActionMask = 2147483647;
			files = (
				C101409423C8CED20078DB22 /* testing_gitTests.swift in Sources */,
			);
			runOnlyForDeploymentPostprocessing = 0;
		};
		C101409623C8CED20078DB22 /* Sources */ = {
			isa = PBXSourcesBuildPhase;
			buildActionMask = 2147483647;
			files = (
				C101409F23C8CED20078DB22 /* testing_gitUITests.swift in Sources */,
			);
			runOnlyForDeploymentPostprocessing = 0;
		};
/* End PBXSourcesBuildPhase section */

/* Begin PBXTargetDependency section */
		C101409123C8CED20078DB22 /* PBXTargetDependency */ = {
			isa = PBXTargetDependency;
			target = C101407823C8CED00078DB22 /* testing git */;
			targetProxy = C101409023C8CED20078DB22 /* PBXContainerItemProxy */;
		};
		C101409C23C8CED20078DB22 /* PBXTargetDependency */ = {
			isa = PBXTargetDependency;
			target = C101407823C8CED00078DB22 /* testing git */;
			targetProxy = C101409B23C8CED20078DB22 /* PBXContainerItemProxy */;
		};
/* End PBXTargetDependency section */

/* Begin PBXVariantGroup section */
		C101408223C8CED00078DB22 /* Main.storyboard */ = {
			isa = PBXVariantGroup;
			children = (
				C101408323C8CED00078DB22 /* Base */,
			);
			name = Main.storyboard;
			sourceTree = "<group>";
		};
		C101408723C8CED20078DB22 /* LaunchScreen.storyboard */ = {
			isa = PBXVariantGroup;
			children = (
				C101408823C8CED20078DB22 /* Base */,
			);
			name = LaunchScreen.storyboard;
			sourceTree = "<group>";
		};
/* End PBXVariantGroup section */

/* Begin XCBuildConfiguration section */
		C10140A123C8CED20078DB22 /* Debug */ = {
			isa = XCBuildConfiguration;
			buildSettings = {
				ALWAYS_SEARCH_USER_PATHS = NO;
				CLANG_ANALYZER_NONNULL = YES;
				CLANG_ANALYZER_NUMBER_OBJECT_CONVERSION = YES_AGGRESSIVE;
				CLANG_CXX_LANGUAGE_STANDARD = "gnu++14";
				CLANG_CXX_LIBRARY = "libc++";
				CLANG_ENABLE_MODULES = YES;
				CLANG_ENABLE_OBJC_ARC = YES;
				CLANG_ENABLE_OBJC_WEAK = YES;
				CLANG_WARN_BLOCK_CAPTURE_AUTORELEASING = YES;
				CLANG_WARN_BOOL_CONVERSION = YES;
				CLANG_WARN_COMMA = YES;
				CLANG_WARN_CONSTANT_CONVERSION = YES;
				CLANG_WARN_DEPRECATED_OBJC_IMPLEMENTATIONS = YES;
				CLANG_WARN_DIRECT_OBJC_ISA_USAGE = YES_ERROR;
				CLANG_WARN_DOCUMENTATION_COMMENTS = YES;
				CLANG_WARN_EMPTY_BODY = YES;
				CLANG_WARN_ENUM_CONVERSION = YES;
				CLANG_WARN_INFINITE_RECURSION = YES;
				CLANG_WARN_INT_CONVERSION = YES;
				CLANG_WARN_NON_LITERAL_NULL_CONVERSION = YES;
				CLANG_WARN_OBJC_IMPLICIT_RETAIN_SELF = YES;
				CLANG_WARN_OBJC_LITERAL_CONVERSION = YES;
				CLANG_WARN_OBJC_ROOT_CLASS = YES_ERROR;
				CLANG_WARN_RANGE_LOOP_ANALYSIS = YES;
				CLANG_WARN_STRICT_PROTOTYPES = YES;
				CLANG_WARN_SUSPICIOUS_MOVE = YES;
				CLANG_WARN_UNGUARDED_AVAILABILITY = YES_AGGRESSIVE;
				CLANG_WARN_UNREACHABLE_CODE = YES;
				CLANG_WARN__DUPLICATE_METHOD_MATCH = YES;
				COPY_PHASE_STRIP = NO;
				DEBUG_INFORMATION_FORMAT = dwarf;
				ENABLE_STRICT_OBJC_MSGSEND = YES;
				ENABLE_TESTABILITY = YES;
				GCC_C_LANGUAGE_STANDARD = gnu11;
				GCC_DYNAMIC_NO_PIC = NO;
				GCC_NO_COMMON_BLOCKS = YES;
				GCC_OPTIMIZATION_LEVEL = 0;
				GCC_PREPROCESSOR_DEFINITIONS = (
					"DEBUG=1",
					"$(inherited)",
				);
				GCC_WARN_64_TO_32_BIT_CONVERSION = YES;
				GCC_WARN_ABOUT_RETURN_TYPE = YES_ERROR;
				GCC_WARN_UNDECLARED_SELECTOR = YES;
				GCC_WARN_UNINITIALIZED_AUTOS = YES_AGGRESSIVE;
				GCC_WARN_UNUSED_FUNCTION = YES;
				GCC_WARN_UNUSED_VARIABLE = YES;
				IPHONEOS_DEPLOYMENT_TARGET = 13.2;
				MTL_ENABLE_DEBUG_INFO = INCLUDE_SOURCE;
				MTL_FAST_MATH = YES;
				ONLY_ACTIVE_ARCH = YES;
				SDKROOT = iphoneos;
				SWIFT_ACTIVE_COMPILATION_CONDITIONS = DEBUG;
				SWIFT_OPTIMIZATION_LEVEL = "-Onone";
			};
			name = Debug;
		};
		C10140A223C8CED20078DB22 /* Release */ = {
			isa = XCBuildConfiguration;
			buildSettings = {
				ALWAYS_SEARCH_USER_PATHS = NO;
				CLANG_ANALYZER_NONNULL = YES;
				CLANG_ANALYZER_NUMBER_OBJECT_CONVERSION = YES_AGGRESSIVE;
				CLANG_CXX_LANGUAGE_STANDARD = "gnu++14";
				CLANG_CXX_LIBRARY = "libc++";
				CLANG_ENABLE_MODULES = YES;
				CLANG_ENABLE_OBJC_ARC = YES;
				CLANG_ENABLE_OBJC_WEAK = YES;
				CLANG_WARN_BLOCK_CAPTURE_AUTORELEASING = YES;
				CLANG_WARN_BOOL_CONVERSION = YES;
				CLANG_WARN_COMMA = YES;
				CLANG_WARN_CONSTANT_CONVERSION = YES;
				CLANG_WARN_DEPRECATED_OBJC_IMPLEMENTATIONS = YES;
				CLANG_WARN_DIRECT_OBJC_ISA_USAGE = YES_ERROR;
				CLANG_WARN_DOCUMENTATION_COMMENTS = YES;
				CLANG_WARN_EMPTY_BODY = YES;
				CLANG_WARN_ENUM_CONVERSION = YES;
				CLANG_WARN_INFINITE_RECURSION = YES;
				CLANG_WARN_INT_CONVERSION = YES;
				CLANG_WARN_NON_LITERAL_NULL_CONVERSION = YES;
				CLANG_WARN_OBJC_IMPLICIT_RETAIN_SELF = YES;
				CLANG_WARN_OBJC_LITERAL_CONVERSION = YES;
				CLANG_WARN_OBJC_ROOT_CLASS = YES_ERROR;
				CLANG_WARN_RANGE_LOOP_ANALYSIS = YES;
				CLANG_WARN_STRICT_PROTOTYPES = YES;
				CLANG_WARN_SUSPICIOUS_MOVE = YES;
				CLANG_WARN_UNGUARDED_AVAILABILITY = YES_AGGRESSIVE;
				CLANG_WARN_UNREACHABLE_CODE = YES;
				CLANG_WARN__DUPLICATE_METHOD_MATCH = YES;
				COPY_PHASE_STRIP = NO;
				DEBUG_INFORMATION_FORMAT = "dwarf-with-dsym";
				ENABLE_NS_ASSERTIONS = NO;
				ENABLE_STRICT_OBJC_MSGSEND = YES;
				GCC_C_LANGUAGE_STANDARD = gnu11;
				GCC_NO_COMMON_BLOCKS = YES;
				GCC_WARN_64_TO_32_BIT_CONVERSION = YES;
				GCC_WARN_ABOUT_RETURN_TYPE = YES_ERROR;
				GCC_WARN_UNDECLARED_SELECTOR = YES;
				GCC_WARN_UNINITIALIZED_AUTOS = YES_AGGRESSIVE;
				GCC_WARN_UNUSED_FUNCTION = YES;
				GCC_WARN_UNUSED_VARIABLE = YES;
				IPHONEOS_DEPLOYMENT_TARGET = 13.2;
				MTL_ENABLE_DEBUG_INFO = NO;
				MTL_FAST_MATH = YES;
				SDKROOT = iphoneos;
				SWIFT_COMPILATION_MODE = wholemodule;
				SWIFT_OPTIMIZATION_LEVEL = "-O";
				VALIDATE_PRODUCT = YES;
			};
			name = Release;
		};
		C10140A423C8CED20078DB22 /* Debug */ = {
			isa = XCBuildConfiguration;
			buildSettings = {
				ASSETCATALOG_COMPILER_APPICON_NAME = AppIcon;
				CODE_SIGN_STYLE = Automatic;
				INFOPLIST_FILE = "testing git/Info.plist";
				LD_RUNPATH_SEARCH_PATHS = (
					"$(inherited)",
					"@executable_path/Frameworks",
				);
				PRODUCT_BUNDLE_IDENTIFIER = "mw.waspo-gmail.com.testing-git";
				PRODUCT_NAME = "$(TARGET_NAME)";
				SWIFT_VERSION = 5.0;
				TARGETED_DEVICE_FAMILY = "1,2";
			};
			name = Debug;
		};
		C10140A523C8CED20078DB22 /* Release */ = {
			isa = XCBuildConfiguration;
			buildSettings = {
				ASSETCATALOG_COMPILER_APPICON_NAME = AppIcon;
				CODE_SIGN_STYLE = Automatic;
				INFOPLIST_FILE = "testing git/Info.plist";
				LD_RUNPATH_SEARCH_PATHS = (
					"$(inherited)",
					"@executable_path/Frameworks",
				);
				PRODUCT_BUNDLE_IDENTIFIER = "mw.waspo-gmail.com.testing-git";
				PRODUCT_NAME = "$(TARGET_NAME)";
				SWIFT_VERSION = 5.0;
				TARGETED_DEVICE_FAMILY = "1,2";
			};
			name = Release;
		};
		C10140A723C8CED20078DB22 /* Debug */ = {
			isa = XCBuildConfiguration;
			buildSettings = {
				ALWAYS_EMBED_SWIFT_STANDARD_LIBRARIES = YES;
				BUNDLE_LOADER = "$(TEST_HOST)";
				CODE_SIGN_STYLE = Automatic;
				INFOPLIST_FILE = "testing gitTests/Info.plist";
				IPHONEOS_DEPLOYMENT_TARGET = 13.2;
				LD_RUNPATH_SEARCH_PATHS = (
					"$(inherited)",
					"@executable_path/Frameworks",
					"@loader_path/Frameworks",
				);
				PRODUCT_BUNDLE_IDENTIFIER = "mw.waspo-gmail.com.testing-gitTests";
				PRODUCT_NAME = "$(TARGET_NAME)";
				SWIFT_VERSION = 5.0;
				TARGETED_DEVICE_FAMILY = "1,2";
				TEST_HOST = "$(BUILT_PRODUCTS_DIR)/testing git.app/testing git";
			};
			name = Debug;
		};
		C10140A823C8CED20078DB22 /* Release */ = {
			isa = XCBuildConfiguration;
			buildSettings = {
				ALWAYS_EMBED_SWIFT_STANDARD_LIBRARIES = YES;
				BUNDLE_LOADER = "$(TEST_HOST)";
				CODE_SIGN_STYLE = Automatic;
				INFOPLIST_FILE = "testing gitTests/Info.plist";
				IPHONEOS_DEPLOYMENT_TARGET = 13.2;
				LD_RUNPATH_SEARCH_PATHS = (
					"$(inherited)",
					"@executable_path/Frameworks",
					"@loader_path/Frameworks",
				);
				PRODUCT_BUNDLE_IDENTIFIER = "mw.waspo-gmail.com.testing-gitTests";
				PRODUCT_NAME = "$(TARGET_NAME)";
				SWIFT_VERSION = 5.0;
				TARGETED_DEVICE_FAMILY = "1,2";
				TEST_HOST = "$(BUILT_PRODUCTS_DIR)/testing git.app/testing git";
			};
			name = Release;
		};
		C10140AA23C8CED20078DB22 /* Debug */ = {
			isa = XCBuildConfiguration;
			buildSettings = {
				ALWAYS_EMBED_SWIFT_STANDARD_LIBRARIES = YES;
				CODE_SIGN_STYLE = Automatic;
				INFOPLIST_FILE = "testing gitUITests/Info.plist";
				LD_RUNPATH_SEARCH_PATHS = (
					"$(inherited)",
					"@executable_path/Frameworks",
					"@loader_path/Frameworks",
				);
				PRODUCT_BUNDLE_IDENTIFIER = "mw.waspo-gmail.com.testing-gitUITests";
				PRODUCT_NAME = "$(TARGET_NAME)";
				SWIFT_VERSION = 5.0;
				TARGETED_DEVICE_FAMILY = "1,2";
				TEST_TARGET_NAME = "testing git";
			};
			name = Debug;
		};
		C10140AB23C8CED20078DB22 /* Release */ = {
			isa = XCBuildConfiguration;
			buildSettings = {
				ALWAYS_EMBED_SWIFT_STANDARD_LIBRARIES = YES;
				CODE_SIGN_STYLE = Automatic;
				INFOPLIST_FILE = "testing gitUITests/Info.plist";
				LD_RUNPATH_SEARCH_PATHS = (
					"$(inherited)",
					"@executable_path/Frameworks",
					"@loader_path/Frameworks",
				);
				PRODUCT_BUNDLE_IDENTIFIER = "mw.waspo-gmail.com.testing-gitUITests";
				PRODUCT_NAME = "$(TARGET_NAME)";
				SWIFT_VERSION = 5.0;
				TARGETED_DEVICE_FAMILY = "1,2";
				TEST_TARGET_NAME = "testing git";
			};
			name = Release;
		};
/* End XCBuildConfiguration section */

/* Begin XCConfigurationList section */
		C101407423C8CED00078DB22 /* Build configuration list for PBXProject "testing git" */ = {
			isa = XCConfigurationList;
			buildConfigurations = (
				C10140A123C8CED20078DB22 /* Debug */,
				C10140A223C8CED20078DB22 /* Release */,
			);
			defaultConfigurationIsVisible = 0;
			defaultConfigurationName = Release;
		};
		C10140A323C8CED20078DB22 /* Build configuration list for PBXNativeTarget "testing git" */ = {
			isa = XCConfigurationList;
			buildConfigurations = (
				C10140A423C8CED20078DB22 /* Debug */,
				C10140A523C8CED20078DB22 /* Release */,
			);
			defaultConfigurationIsVisible = 0;
			defaultConfigurationName = Release;
		};
		C10140A623C8CED20078DB22 /* Build configuration list for PBXNativeTarget "testing gitTests" */ = {
			isa = XCConfigurationList;
			buildConfigurations = (
				C10140A723C8CED20078DB22 /* Debug */,
				C10140A823C8CED20078DB22 /* Release */,
			);
			defaultConfigurationIsVisible = 0;
			defaultConfigurationName = Release;
		};
		C10140A923C8CED20078DB22 /* Build configuration list for PBXNativeTarget "testing gitUITests" */ = {
			isa = XCConfigurationList;
			buildConfigurations = (
				C10140AA23C8CED20078DB22 /* Debug */,
				C10140AB23C8CED20078DB22 /* Release */,
			);
			defaultConfigurationIsVisible = 0;
			defaultConfigurationName = Release;
		};
/* End XCConfigurationList section */
	};
	rootObject = C101407123C8CED00078DB22 /* Project object */;
}
